
Microsoft Visual Studio Solution File, Format Version 12.00
# Visual Studio Version 16
VisualStudioVersion = 16.0.32106.194
MinimumVisualStudioVersion = 10.0.40219.1
Project("{FAE04EC0-301F-11D3-BF4B-00C04F79EFBC}") = "practical_02", "practical_02\practical_02.csproj", "{E6FD53C5-1811-45FD-AECB-B7F2FB20E6B3}"
EndProject
Global
	GlobalSection(SolutionConfigurationPlatforms) = preSolution
		Debug|Any CPU = Debug|Any CPU
		Release|Any CPU = Release|Any CPU
	EndGlobalSection
	GlobalSection(ProjectConfigurationPlatforms) = postSolution
		{E6FD53C5-1811-45FD-AECB-B7F2FB20E6B3}.Debug|Any CPU.ActiveCfg = Debug|Any CPU
		{E6FD53C5-1811-45FD-AECB-B7F2FB20E6B3}.Debug|Any CPU.Build.0 = Debug|Any CPU
		{E6FD53C5-1811-45FD-AECB-B7F2FB20E6B3}.Release|Any CPU.ActiveCfg = Release|Any CPU
		{E6FD53C5-1811-45FD-AECB-B7F2FB20E6B3}.Release|Any CPU.Build.0 = Release|Any CPU
	EndGlobalSection
	GlobalSection(SolutionProperties) = preSolution
		HideSolutionNode = FALSE
	EndGlobalSection
	GlobalSection(ExtensibilityGlobals) = postSolution
		SolutionGuid = {276B5FD8-A7DC-4E5A-99B7-7C22D1D3FF47}
	EndGlobalSection
EndGlobal
