
Microsoft Visual Studio Solution File, Format Version 12.00
# Visual Studio Version 16
VisualStudioVersion = 16.0.32106.194
MinimumVisualStudioVersion = 10.0.40219.1
Project("{FAE04EC0-301F-11D3-BF4B-00C04F79EFBC}") = "practical_03_1", "practical_03_1\practical_03_1.csproj", "{80B0FF5A-DD3A-4AC4-B06D-2FF51348D31E}"
EndProject
Global
	GlobalSection(SolutionConfigurationPlatforms) = preSolution
		Debug|Any CPU = Debug|Any CPU
		Release|Any CPU = Release|Any CPU
	EndGlobalSection
	GlobalSection(ProjectConfigurationPlatforms) = postSolution
		{80B0FF5A-DD3A-4AC4-B06D-2FF51348D31E}.Debug|Any CPU.ActiveCfg = Debug|Any CPU
		{80B0FF5A-DD3A-4AC4-B06D-2FF51348D31E}.Debug|Any CPU.Build.0 = Debug|Any CPU
		{80B0FF5A-DD3A-4AC4-B06D-2FF51348D31E}.Release|Any CPU.ActiveCfg = Release|Any CPU
		{80B0FF5A-DD3A-4AC4-B06D-2FF51348D31E}.Release|Any CPU.Build.0 = Release|Any CPU
	EndGlobalSection
	GlobalSection(SolutionProperties) = preSolution
		HideSolutionNode = FALSE
	EndGlobalSection
	GlobalSection(ExtensibilityGlobals) = postSolution
		SolutionGuid = {22AEE454-4D5D-4AEC-AB67-F4A95B29443E}
	EndGlobalSection
EndGlobal
