
Microsoft Visual Studio Solution File, Format Version 12.00
# Visual Studio Version 16
VisualStudioVersion = 16.0.32106.194
MinimumVisualStudioVersion = 10.0.40219.1
Project("{FAE04EC0-301F-11D3-BF4B-00C04F79EFBC}") = "practical_07", "practical_07\practical_07.csproj", "{027BB3DF-56EC-45CD-89A2-DCB07DCA5F5D}"
EndProject
Global
	GlobalSection(SolutionConfigurationPlatforms) = preSolution
		Debug|Any CPU = Debug|Any CPU
		Release|Any CPU = Release|Any CPU
	EndGlobalSection
	GlobalSection(ProjectConfigurationPlatforms) = postSolution
		{027BB3DF-56EC-45CD-89A2-DCB07DCA5F5D}.Debug|Any CPU.ActiveCfg = Debug|Any CPU
		{027BB3DF-56EC-45CD-89A2-DCB07DCA5F5D}.Debug|Any CPU.Build.0 = Debug|Any CPU
		{027BB3DF-56EC-45CD-89A2-DCB07DCA5F5D}.Release|Any CPU.ActiveCfg = Release|Any CPU
		{027BB3DF-56EC-45CD-89A2-DCB07DCA5F5D}.Release|Any CPU.Build.0 = Release|Any CPU
	EndGlobalSection
	GlobalSection(SolutionProperties) = preSolution
		HideSolutionNode = FALSE
	EndGlobalSection
	GlobalSection(ExtensibilityGlobals) = postSolution
		SolutionGuid = {C34A8B96-E927-4BA4-BBAC-0737AB340086}
	EndGlobalSection
EndGlobal
