
Microsoft Visual Studio Solution File, Format Version 12.00
# Visual Studio Version 16
VisualStudioVersion = 16.0.32106.194
MinimumVisualStudioVersion = 10.0.40219.1
Project("{FAE04EC0-301F-11D3-BF4B-00C04F79EFBC}") = "Practical_1_2", "Practical_1_2\Practical_1_2.csproj", "{B9846B6E-15B2-4A67-93DE-1C9B7D8F76C8}"
EndProject
Global
	GlobalSection(SolutionConfigurationPlatforms) = preSolution
		Debug|Any CPU = Debug|Any CPU
		Release|Any CPU = Release|Any CPU
	EndGlobalSection
	GlobalSection(ProjectConfigurationPlatforms) = postSolution
		{B9846B6E-15B2-4A67-93DE-1C9B7D8F76C8}.Debug|Any CPU.ActiveCfg = Debug|Any CPU
		{B9846B6E-15B2-4A67-93DE-1C9B7D8F76C8}.Debug|Any CPU.Build.0 = Debug|Any CPU
		{B9846B6E-15B2-4A67-93DE-1C9B7D8F76C8}.Release|Any CPU.ActiveCfg = Release|Any CPU
		{B9846B6E-15B2-4A67-93DE-1C9B7D8F76C8}.Release|Any CPU.Build.0 = Release|Any CPU
	EndGlobalSection
	GlobalSection(SolutionProperties) = preSolution
		HideSolutionNode = FALSE
	EndGlobalSection
	GlobalSection(ExtensibilityGlobals) = postSolution
		SolutionGuid = {1236EA65-7485-4180-BF42-B4D525228B1B}
	EndGlobalSection
EndGlobal
